// !$*UTF8*$!
{
	archiveVersion = 1;
	classes = {
	};
	objectVersion = 46;
	objects = {

/* Begin PBXBuildFile section */
		E357DE9C1F13712300E3054D /* AppDelegate.swift in Sources */ = {isa = PBXBuildFile; fileRef = E357DE9B1F13712300E3054D /* AppDelegate.swift */; };
		E357DE9E1F13712300E3054D /* ViewController.swift in Sources */ = {isa = PBXBuildFile; fileRef = E357DE9D1F13712300E3054D /* ViewController.swift */; };
		E357DEA11F13712300E3054D /* Main.storyboard in Resources */ = {isa = PBXBuildFile; fileRef = E357DE9F1F13712300E3054D /* Main.storyboard */; };
		E357DEA31F13712300E3054D /* Assets.xcassets in Resources */ = {isa = PBXBuildFile; fileRef = E357DEA21F13712300E3054D /* Assets.xcassets */; };
		E357DEA61F13712300E3054D /* LaunchScreen.storyboard in Resources */ = {isa = PBXBuildFile; fileRef = E357DEA41F13712300E3054D /* LaunchScreen.storyboard */; };
/* End PBXBuildFile section */

/* Begin PBXFileReference section */
		E357DE981F13712300E3054D /* StavkViews.app */ = {isa = PBXFileReference; explicitFileType = wrapper.application; includeInIndex = 0; path = StavkViews.app; sourceTree = BUILT_PRODUCTS_DIR; };
		E357DE9B1F13712300E3054D /* AppDelegate.swift */ = {isa = PBXFileReference; lastKnownFileType = sourcecode.swift; path = AppDelegate.swift; sourceTree = "<group>"; };
		E357DE9D1F13712300E3054D /* ViewController.swift */ = {isa = PBXFileReference; lastKnownFileType = sourcecode.swift; path = ViewController.swift; sourceTree = "<group>"; };
		E357DEA01F13712300E3054D /* Base */ = {isa = PBXFileReference; lastKnownFileType = file.storyboard; name = Base; path = Base.lproj/Main.storyboard; sourceTree = "<group>"; };
		E357DEA21F13712300E3054D /* Assets.xcassets */ = {isa = PBXFileReference; lastKnownFileType = folder.assetcatalog; path = Assets.xcassets; sourceTree = "<group>"; };
		E357DEA51F13712300E3054D /* Base */ = {isa = PBXFileReference; lastKnownFileType = file.storyboard; name = Base; path = Base.lproj/LaunchScreen.storyboard; sourceTree = "<group>"; };
		E357DEA71F13712300E3054D /* Info.plist */ = {isa = PBXFileReference; lastKnownFileType = text.plist.xml; path = Info.plist; sourceTree = "<group>"; };
/* End PBXFileReference section */

/* Begin PBXFrameworksBuildPhase section */
		E357DE951F13712300E3054D /* Frameworks */ = {
			isa = PBXFrameworksBuildPhase;
			buildActionMask = 2147483647;
			files = (
			);
			runOnlyForDeploymentPostprocessing = 0;
		};
/* End PBXFrameworksBuildPhase section */

/* Begin PBXGroup section */
		E357DE8F1F13712300E3054D = {
			isa = PBXGroup;
			children = (
				E357DE9A1F13712300E3054D /* StavkViews */,
				E357DE991F13712300E3054D /* Products */,
			);
			sourceTree = "<group>";
		};
		E357DE991F13712300E3054D /* Products */ = {
			isa = PBXGroup;
			children = (
				E357DE981F13712300E3054D /* StavkViews.app */,
			);
			name = Products;
			sourceTree = "<group>";
		};
		E357DE9A1F13712300E3054D /* StavkViews */ = {
			isa = PBXGroup;
			children = (
				E357DE9B1F13712300E3054D /* AppDelegate.swift */,
				E357DE9D1F13712300E3054D /* ViewController.swift */,
				E357DE9F1F13712300E3054D /* Main.storyboard */,
				E357DEA21F13712300E3054D /* Assets.xcassets */,
				E357DEA41F13712300E3054D /* LaunchScreen.storyboard */,
				E357DEA71F13712300E3054D /* Info.plist */,
			);
			path = StavkViews;
			sourceTree = "<group>";
		};
/* End PBXGroup section */

/* Begin PBXNativeTarget section */
		E357DE971F13712300E3054D /* StavkViews */ = {
			isa = PBXNativeTarget;
			buildConfigurationList = E357DEAA1F13712300E3054D /* Build configuration list for PBXNativeTarget "StavkViews" */;
			buildPhases = (
				E357DE941F13712300E3054D /* Sources */,
				E357DE951F13712300E3054D /* Frameworks */,
				E357DE961F13712300E3054D /* Resources */,
			);
			buildRules = (
			);
			dependencies = (
			);
			name = StavkViews;
			productName = StavkViews;
			productReference = E357DE981F13712300E3054D /* StavkViews.app */;
			productType = "com.apple.product-type.application";
		};
/* End PBXNativeTarget section */

/* Begin PBXProject section */
		E357DE901F13712300E3054D /* Project object */ = {
			isa = PBXProject;
			attributes = {
				LastSwiftUpdateCheck = 0830;
				LastUpgradeCheck = 0830;
				ORGANIZATIONNAME = "Francois Technology";
				TargetAttributes = {
					E357DE971F13712300E3054D = {
						CreatedOnToolsVersion = 8.3.3;
						DevelopmentTeam = D4T692RC82;
						ProvisioningStyle = Automatic;
					};
				};
			};
			buildConfigurationList = E357DE931F13712300E3054D /* Build configuration list for PBXProject "StavkViews" */;
			compatibilityVersion = "Xcode 3.2";
			developmentRegion = English;
			hasScannedForEncodings = 0;
			knownRegions = (
				en,
				Base,
			);
			mainGroup = E357DE8F1F13712300E3054D;
			productRefGroup = E357DE991F13712300E3054D /* Products */;
			projectDirPath = "";
			projectRoot = "";
			targets = (
				E357DE971F13712300E3054D /* StavkViews */,
			);
		};
/* End PBXProject section */

/* Begin PBXResourcesBuildPhase section */
		E357DE961F13712300E3054D /* Resources */ = {
			isa = PBXResourcesBuildPhase;
			buildActionMask = 2147483647;
			files = (
				E357DEA61F13712300E3054D /* LaunchScreen.storyboard in Resources */,
				E357DEA31F13712300E3054D /* Assets.xcassets in Resources */,
				E357DEA11F13712300E3054D /* Main.storyboard in Resources */,
			);
			runOnlyForDeploymentPostprocessing = 0;
		};
/* End PBXResourcesBuildPhase section */

/* Begin PBXSourcesBuildPhase section */
		E357DE941F13712300E3054D /* Sources */ = {
			isa = PBXSourcesBuildPhase;
			buildActionMask = 2147483647;
			files = (
				E357DE9E1F13712300E3054D /* ViewController.swift in Sources */,
				E357DE9C1F13712300E3054D /* AppDelegate.swift in Sources */,
			);
			runOnlyForDeploymentPostprocessing = 0;
		};
/* End PBXSourcesBuildPhase section */

/* Begin PBXVariantGroup section */
		E357DE9F1F13712300E3054D /* Main.storyboard */ = {
			isa = PBXVariantGroup;
			children = (
				E357DEA01F13712300E3054D /* Base */,
			);
			name = Main.storyboard;
			sourceTree = "<group>";
		};
		E357DEA41F13712300E3054D /* LaunchScreen.storyboard */ = {
			isa = PBXVariantGroup;
			children = (
				E357DEA51F13712300E3054D /* Base */,
			);
			name = LaunchScreen.storyboard;
			sourceTree = "<group>";
		};
/* End PBXVariantGroup section */

/* Begin XCBuildConfiguration section */
		E357DEA81F13712300E3054D /* Debug */ = {
			isa = XCBuildConfiguration;
			buildSettings = {
				ALWAYS_SEARCH_USER_PATHS = NO;
				CLANG_ANALYZER_NONNULL = YES;
				CLANG_ANALYZER_NUMBER_OBJECT_CONVERSION = YES_AGGRESSIVE;
				CLANG_CXX_LANGUAGE_STANDARD = "gnu++0x";
				CLANG_CXX_LIBRARY = "libc++";
				CLANG_ENABLE_MODULES = YES;
				CLANG_ENABLE_OBJC_ARC = YES;
				CLANG_WARN_BOOL_CONVERSION = YES;
				CLANG_WARN_CONSTANT_CONVERSION = YES;
				CLANG_WARN_DIRECT_OBJC_ISA_USAGE = YES_ERROR;
				CLANG_WARN_DOCUMENTATION_COMMENTS = YES;
				CLANG_WARN_EMPTY_BODY = YES;
				CLANG_WARN_ENUM_CONVERSION = YES;
				CLANG_WARN_INFINITE_RECURSION = YES;
				CLANG_WARN_INT_CONVERSION = YES;
				CLANG_WARN_OBJC_ROOT_CLASS = YES_ERROR;
				CLANG_WARN_SUSPICIOUS_MOVE = YES;
				CLANG_WARN_UNREACHABLE_CODE = YES;
				CLANG_WARN__DUPLICATE_METHOD_MATCH = YES;
				"CODE_SIGN_IDENTITY[sdk=iphoneos*]" = "iPhone Developer";
				COPY_PHASE_STRIP = NO;
				DEBUG_INFORMATION_FORMAT = dwarf;
				ENABLE_STRICT_OBJC_MSGSEND = YES;
				ENABLE_TESTABILITY = YES;
				GCC_C_LANGUAGE_STANDARD = gnu99;
				GCC_DYNAMIC_NO_PIC = NO;
				GCC_NO_COMMON_BLOCKS = YES;
				GCC_OPTIMIZATION_LEVEL = 0;
				GCC_PREPROCESSOR_DEFINITIONS = (
					"DEBUG=1",
					"$(inherited)",
				);
				GCC_WARN_64_TO_32_BIT_CONVERSION = YES;
				GCC_WARN_ABOUT_RETURN_TYPE = YES_ERROR;
				GCC_WARN_UNDECLARED_SELECTOR = YES;
				GCC_WARN_UNINITIALIZED_AUTOS = YES_AGGRESSIVE;
				GCC_WARN_UNUSED_FUNCTION = YES;
				GCC_WARN_UNUSED_VARIABLE = YES;
				IPHONEOS_DEPLOYMENT_TARGET = 10.3;
				MTL_ENABLE_DEBUG_INFO = YES;
				ONLY_ACTIVE_ARCH = YES;
				SDKROOT = iphoneos;
				SWIFT_ACTIVE_COMPILATION_CONDITIONS = DEBUG;
				SWIFT_OPTIMIZATION_LEVEL = "-Onone";
				TARGETED_DEVICE_FAMILY = "1,2";
			};
			name = Debug;
		};
		E357DEA91F13712300E3054D /* Release */ = {
			isa = XCBuildConfiguration;
			buildSettings = {
				ALWAYS_SEARCH_USER_PATHS = NO;
				CLANG_ANALYZER_NONNULL = YES;
				CLANG_ANALYZER_NUMBER_OBJECT_CONVERSION = YES_AGGRESSIVE;
				CLANG_CXX_LANGUAGE_STANDARD = "gnu++0x";
				CLANG_CXX_LIBRARY = "libc++";
				CLANG_ENABLE_MODULES = YES;
				CLANG_ENABLE_OBJC_ARC = YES;
				CLANG_WARN_BOOL_CONVERSION = YES;
				CLANG_WARN_CONSTANT_CONVERSION = YES;
				CLANG_WARN_DIRECT_OBJC_ISA_USAGE = YES_ERROR;
				CLANG_WARN_DOCUMENTATION_COMMENTS = YES;
				CLANG_WARN_EMPTY_BODY = YES;
				CLANG_WARN_ENUM_CONVERSION = YES;
				CLANG_WARN_INFINITE_RECURSION = YES;
				CLANG_WARN_INT_CONVERSION = YES;
				CLANG_WARN_OBJC_ROOT_CLASS = YES_ERROR;
				CLANG_WARN_SUSPICIOUS_MOVE = YES;
				CLANG_WARN_UNREACHABLE_CODE = YES;
				CLANG_WARN__DUPLICATE_METHOD_MATCH = YES;
				"CODE_SIGN_IDENTITY[sdk=iphoneos*]" = "iPhone Developer";
				COPY_PHASE_STRIP = NO;
				DEBUG_INFORMATION_FORMAT = "dwarf-with-dsym";
				ENABLE_NS_ASSERTIONS = NO;
				ENABLE_STRICT_OBJC_MSGSEND = YES;
				GCC_C_LANGUAGE_STANDARD = gnu99;
				GCC_NO_COMMON_BLOCKS = YES;
				GCC_WARN_64_TO_32_BIT_CONVERSION = YES;
				GCC_WARN_ABOUT_RETURN_TYPE = YES_ERROR;
				GCC_WARN_UNDECLARED_SELECTOR = YES;
				GCC_WARN_UNINITIALIZED_AUTOS = YES_AGGRESSIVE;
				GCC_WARN_UNUSED_FUNCTION = YES;
				GCC_WARN_UNUSED_VARIABLE = YES;
				IPHONEOS_DEPLOYMENT_TARGET = 10.3;
				MTL_ENABLE_DEBUG_INFO = NO;
				SDKROOT = iphoneos;
				SWIFT_OPTIMIZATION_LEVEL = "-Owholemodule";
				TARGETED_DEVICE_FAMILY = "1,2";
				VALIDATE_PRODUCT = YES;
			};
			name = Release;
		};
		E357DEAB1F13712300E3054D /* Debug */ = {
			isa = XCBuildConfiguration;
			buildSettings = {
				ASSETCATALOG_COMPILER_APPICON_NAME = AppIcon;
				DEVELOPMENT_TEAM = D4T692RC82;
				INFOPLIST_FILE = StavkViews/Info.plist;
				LD_RUNPATH_SEARCH_PATHS = "$(inherited) @executable_path/Frameworks";
				PRODUCT_BUNDLE_IDENTIFIER = com.codero.StavkViews;
				PRODUCT_NAME = "$(TARGET_NAME)";
				SWIFT_VERSION = 3.0;
			};
			name = Debug;
		};
		E357DEAC1F13712300E3054D /* Release */ = {
			isa = XCBuildConfiguration;
			buildSettings = {
				ASSETCATALOG_COMPILER_APPICON_NAME = AppIcon;
				DEVELOPMENT_TEAM = D4T692RC82;
				INFOPLIST_FILE = StavkViews/Info.plist;
				LD_RUNPATH_SEARCH_PATHS = "$(inherited) @executable_path/Frameworks";
				PRODUCT_BUNDLE_IDENTIFIER = com.codero.StavkViews;
				PRODUCT_NAME = "$(TARGET_NAME)";
				SWIFT_VERSION = 3.0;
			};
			name = Release;
		};
/* End XCBuildConfiguration section */

/* Begin XCConfigurationList section */
		E357DE931F13712300E3054D /* Build configuration list for PBXProject "StavkViews" */ = {
			isa = XCConfigurationList;
			buildConfigurations = (
				E357DEA81F13712300E3054D /* Debug */,
				E357DEA91F13712300E3054D /* Release */,
			);
			defaultConfigurationIsVisible = 0;
			defaultConfigurationName = Release;
		};
		E357DEAA1F13712300E3054D /* Build configuration list for PBXNativeTarget "StavkViews" */ = {
			isa = XCConfigurationList;
			buildConfigurations = (
				E357DEAB1F13712300E3054D /* Debug */,
				E357DEAC1F13712300E3054D /* Release */,
			);
			defaultConfigurationIsVisible = 0;
		};
/* End XCConfigurationList section */
	};
	rootObject = E357DE901F13712300E3054D /* Project object */;
}
